
Microsoft Visual Studio Solution File, Format Version 12.00
# Visual Studio Version 17
VisualStudioVersion = 17.0.31903.59
MinimumVisualStudioVersion = 10.0.40219.1
Project("{FAE04EC0-301F-11D3-BF4B-00C04F79EFBC}") = "App.Domain", "App.Domain\App.Domain.csproj", "{8B278AD4-5820-41A8-9D6D-2B47B031A56B}"
EndProject
Project("{FAE04EC0-301F-11D3-BF4B-00C04F79EFBC}") = "App.Application", "App.Application\App.Application.csproj", "{16FEF641-E156-4403-9989-F41797ADC8C6}"
EndProject
Project("{FAE04EC0-301F-11D3-BF4B-00C04F79EFBC}") = "App.Infrastructure", "App.Infrastructure\App.Infrastructure.csproj", "{F2E4324D-6B54-4BDA-9658-23D884E43AB9}"
EndProject
Project("{FAE04EC0-301F-11D3-BF4B-00C04F79EFBC}") = "App.API", "App.API\App.API.csproj", "{81814DD7-9915-434D-9887-74B3C268CBE1}"
EndProject
Project("{FAE04EC0-301F-11D3-BF4B-00C04F79EFBC}") = "App.Response", "App.Response\App.Response.csproj", "{C426ECA3-2D97-4FD7-AF30-BFDE4388B303}"
EndProject
Global
	GlobalSection(SolutionConfigurationPlatforms) = preSolution
		Debug|Any CPU = Debug|Any CPU
		Release|Any CPU = Release|Any CPU
	EndGlobalSection
	GlobalSection(ProjectConfigurationPlatforms) = postSolution
		{8B278AD4-5820-41A8-9D6D-2B47B031A56B}.Debug|Any CPU.ActiveCfg = Debug|Any CPU
		{8B278AD4-5820-41A8-9D6D-2B47B031A56B}.Debug|Any CPU.Build.0 = Debug|Any CPU
		{8B278AD4-5820-41A8-9D6D-2B47B031A56B}.Release|Any CPU.ActiveCfg = Release|Any CPU
		{8B278AD4-5820-41A8-9D6D-2B47B031A56B}.Release|Any CPU.Build.0 = Release|Any CPU
		{16FEF641-E156-4403-9989-F41797ADC8C6}.Debug|Any CPU.ActiveCfg = Debug|Any CPU
		{16FEF641-E156-4403-9989-F41797ADC8C6}.Debug|Any CPU.Build.0 = Debug|Any CPU
		{16FEF641-E156-4403-9989-F41797ADC8C6}.Release|Any CPU.ActiveCfg = Release|Any CPU
		{16FEF641-E156-4403-9989-F41797ADC8C6}.Release|Any CPU.Build.0 = Release|Any CPU
		{F2E4324D-6B54-4BDA-9658-23D884E43AB9}.Debug|Any CPU.ActiveCfg = Debug|Any CPU
		{F2E4324D-6B54-4BDA-9658-23D884E43AB9}.Debug|Any CPU.Build.0 = Debug|Any CPU
		{F2E4324D-6B54-4BDA-9658-23D884E43AB9}.Release|Any CPU.ActiveCfg = Release|Any CPU
		{F2E4324D-6B54-4BDA-9658-23D884E43AB9}.Release|Any CPU.Build.0 = Release|Any CPU
		{81814DD7-9915-434D-9887-74B3C268CBE1}.Debug|Any CPU.ActiveCfg = Debug|Any CPU
		{81814DD7-9915-434D-9887-74B3C268CBE1}.Debug|Any CPU.Build.0 = Debug|Any CPU
		{81814DD7-9915-434D-9887-74B3C268CBE1}.Release|Any CPU.ActiveCfg = Release|Any CPU
		{81814DD7-9915-434D-9887-74B3C268CBE1}.Release|Any CPU.Build.0 = Release|Any CPU
		{C426ECA3-2D97-4FD7-AF30-BFDE4388B303}.Debug|Any CPU.ActiveCfg = Debug|Any CPU
		{C426ECA3-2D97-4FD7-AF30-BFDE4388B303}.Debug|Any CPU.Build.0 = Debug|Any CPU
		{C426ECA3-2D97-4FD7-AF30-BFDE4388B303}.Release|Any CPU.ActiveCfg = Release|Any CPU
		{C426ECA3-2D97-4FD7-AF30-BFDE4388B303}.Release|Any CPU.Build.0 = Release|Any CPU
	EndGlobalSection
	GlobalSection(SolutionProperties) = preSolution
		HideSolutionNode = FALSE
	EndGlobalSection
	GlobalSection(ExtensibilityGlobals) = postSolution
		SolutionGuid = {C8D8CE5A-71D5-4BFF-A2EE-A66DA93EE374}
	EndGlobalSection
EndGlobal
